Microsoft Visual Studio Solution File, Format Version 12.00
# Visual Studio 2012
Project("{FAE04EC0-301F-11D3-BF4B-00C04F79EFBC}") = "infiniteWorldmap", "infiniteWorldmap.csproj", "{1525128B-29C3-4B9F-8011-B00BBB7942EC}"
EndProject
Global
	GlobalSection(SolutionConfigurationPlatforms) = preSolution
	Debug|Any CPU = Debug|Any CPU
	ExportDebug|Any CPU = ExportDebug|Any CPU
	ExportRelease|Any CPU = ExportRelease|Any CPU
	EndGlobalSection
	GlobalSection(ProjectConfigurationPlatforms) = postSolution
		{1525128B-29C3-4B9F-8011-B00BBB7942EC}.Debug|Any CPU.ActiveCfg = Debug|Any CPU
		{1525128B-29C3-4B9F-8011-B00BBB7942EC}.Debug|Any CPU.Build.0 = Debug|Any CPU
		{1525128B-29C3-4B9F-8011-B00BBB7942EC}.ExportDebug|Any CPU.ActiveCfg = ExportDebug|Any CPU
		{1525128B-29C3-4B9F-8011-B00BBB7942EC}.ExportDebug|Any CPU.Build.0 = ExportDebug|Any CPU
		{1525128B-29C3-4B9F-8011-B00BBB7942EC}.ExportRelease|Any CPU.ActiveCfg = ExportRelease|Any CPU
		{1525128B-29C3-4B9F-8011-B00BBB7942EC}.ExportRelease|Any CPU.Build.0 = ExportRelease|Any CPU
	EndGlobalSection
EndGlobal
